
Microsoft Visual Studio Solution File, Format Version 12.00
# Visual Studio 14
VisualStudioVersion = 14.0.23107.0
MinimumVisualStudioVersion = 10.0.40219.1
Project("{FAE04EC0-301F-11D3-BF4B-00C04F79EFBC}") = "Bursify.Data.EF", "Bursify.Data.EF\Bursify.Data.EF.csproj", "{29F6A92D-3F5D-4B28-8C23-3E0D67A5345D}"
EndProject
Project("{FAE04EC0-301F-11D3-BF4B-00C04F79EFBC}") = "Bursify.Api", "Bursify.Api\Bursify.Api.csproj", "{59F01F19-2B56-49C0-BBB7-2BCD09207537}"
EndProject
Project("{2150E333-8FDC-42A3-9474-1A3956D46DE8}") = "Tests", "Tests", "{55867A23-F86D-4655-B121-61C4D8ED60F6}"
EndProject
Project("{FAE04EC0-301F-11D3-BF4B-00C04F79EFBC}") = "Bursify.Tests", "Bursify.Tests\Bursify.Tests.csproj", "{7C07CA7D-2B51-473A-8CC7-B0928918FE95}"
EndProject
Project("{FAE04EC0-301F-11D3-BF4B-00C04F79EFBC}") = "Bursify.Web", "Bursify.Web\Bursify.Web.csproj", "{EAE91831-7293-4ED4-9E1D-7DCC1B143DC3}"
EndProject
Global
	GlobalSection(SolutionConfigurationPlatforms) = preSolution
		Debug|Any CPU = Debug|Any CPU
		Release|Any CPU = Release|Any CPU
	EndGlobalSection
	GlobalSection(ProjectConfigurationPlatforms) = postSolution
		{29F6A92D-3F5D-4B28-8C23-3E0D67A5345D}.Debug|Any CPU.ActiveCfg = Debug|Any CPU
		{29F6A92D-3F5D-4B28-8C23-3E0D67A5345D}.Debug|Any CPU.Build.0 = Debug|Any CPU
		{29F6A92D-3F5D-4B28-8C23-3E0D67A5345D}.Release|Any CPU.ActiveCfg = Release|Any CPU
		{29F6A92D-3F5D-4B28-8C23-3E0D67A5345D}.Release|Any CPU.Build.0 = Release|Any CPU
		{59F01F19-2B56-49C0-BBB7-2BCD09207537}.Debug|Any CPU.ActiveCfg = Debug|Any CPU
		{59F01F19-2B56-49C0-BBB7-2BCD09207537}.Debug|Any CPU.Build.0 = Debug|Any CPU
		{59F01F19-2B56-49C0-BBB7-2BCD09207537}.Release|Any CPU.ActiveCfg = Release|Any CPU
		{59F01F19-2B56-49C0-BBB7-2BCD09207537}.Release|Any CPU.Build.0 = Release|Any CPU
		{7C07CA7D-2B51-473A-8CC7-B0928918FE95}.Debug|Any CPU.ActiveCfg = Debug|Any CPU
		{7C07CA7D-2B51-473A-8CC7-B0928918FE95}.Debug|Any CPU.Build.0 = Debug|Any CPU
		{7C07CA7D-2B51-473A-8CC7-B0928918FE95}.Release|Any CPU.ActiveCfg = Release|Any CPU
		{7C07CA7D-2B51-473A-8CC7-B0928918FE95}.Release|Any CPU.Build.0 = Release|Any CPU
		{EAE91831-7293-4ED4-9E1D-7DCC1B143DC3}.Debug|Any CPU.ActiveCfg = Debug|Any CPU
		{EAE91831-7293-4ED4-9E1D-7DCC1B143DC3}.Debug|Any CPU.Build.0 = Debug|Any CPU
		{EAE91831-7293-4ED4-9E1D-7DCC1B143DC3}.Release|Any CPU.ActiveCfg = Release|Any CPU
		{EAE91831-7293-4ED4-9E1D-7DCC1B143DC3}.Release|Any CPU.Build.0 = Release|Any CPU
	EndGlobalSection
	GlobalSection(SolutionProperties) = preSolution
		HideSolutionNode = FALSE
	EndGlobalSection
	GlobalSection(NestedProjects) = preSolution
		{7C07CA7D-2B51-473A-8CC7-B0928918FE95} = {55867A23-F86D-4655-B121-61C4D8ED60F6}
	EndGlobalSection
EndGlobal
